{
  "name": "database",
  "version": "1.0.0",
  "lockfileVersion": 1,
  "requires": true,
  "dependencies": {
    "titbit": {
      "version": "4.1.6",
      "resolved": "https://registry.npmjs.org/titbit/-/titbit-4.1.6.tgz",
      "integrity": "sha512-S2vavgRWMYzNRSqHuDHipOg0Dxv8au2mXRiZ1YpBjvxh5bL9ZYVBAUxPnBJh92l1shUtSHvHx8Br380U1c1uug=="
    }
  }
}
